Microsoft Visual Studio Solution File, Format Version 12.00
# Visual Studio Version 17
VisualStudioVersion = 17.5.2.0
MinimumVisualStudioVersion = 10.0.40219.1
Project("{FAE04EC0-301F-11D3-BF4B-00C04F79EFBC}") = "KeyFolio.Client", "KeyFolio.Client.csproj", "{BCDF498D-1B99-D4CE-657C-242E73AA1ED3}"
EndProject
Global
	GlobalSection(SolutionConfigurationPlatforms) = preSolution
		Debug|Any CPU = Debug|Any CPU
		Release|Any CPU = Release|Any CPU
	EndGlobalSection
	GlobalSection(ProjectConfigurationPlatforms) = postSolution
		{BCDF498D-1B99-D4CE-657C-242E73AA1ED3}.Debug|Any CPU.ActiveCfg = Debug|Any CPU
		{BCDF498D-1B99-D4CE-657C-242E73AA1ED3}.Debug|Any CPU.Build.0 = Debug|Any CPU
		{BCDF498D-1B99-D4CE-657C-242E73AA1ED3}.Release|Any CPU.ActiveCfg = Release|Any CPU
		{BCDF498D-1B99-D4CE-657C-242E73AA1ED3}.Release|Any CPU.Build.0 = Release|Any CPU
	EndGlobalSection
	GlobalSection(SolutionProperties) = preSolution
		HideSolutionNode = FALSE
	EndGlobalSection
	GlobalSection(ExtensibilityGlobals) = postSolution
		SolutionGuid = {88054A8C-A14E-43F4-9914-836873A95DE5}
	EndGlobalSection
EndGlobal
